
Microsoft Visual Studio Solution File, Format Version 12.00
# Visual Studio Version 17
VisualStudioVersion = 17.1.32414.318
MinimumVisualStudioVersion = 10.0.40219.1
Project("{FAE04EC0-301F-11D3-BF4B-00C04F79EFBC}") = "DataBaseAPI", "DataBaseAPI.csproj", "{8ECE92B1-F12B-429C-AC5B-98719A98B9DF}"
EndProject
Global
	GlobalSection(SolutionConfigurationPlatforms) = preSolution
		Debug|Any CPU = Debug|Any CPU
		Release|Any CPU = Release|Any CPU
	EndGlobalSection
	GlobalSection(ProjectConfigurationPlatforms) = postSolution
		{8ECE92B1-F12B-429C-AC5B-98719A98B9DF}.Debug|Any CPU.ActiveCfg = Debug|Any CPU
		{8ECE92B1-F12B-429C-AC5B-98719A98B9DF}.Debug|Any CPU.Build.0 = Debug|Any CPU
		{8ECE92B1-F12B-429C-AC5B-98719A98B9DF}.Release|Any CPU.ActiveCfg = Release|Any CPU
		{8ECE92B1-F12B-429C-AC5B-98719A98B9DF}.Release|Any CPU.Build.0 = Release|Any CPU
	EndGlobalSection
	GlobalSection(SolutionProperties) = preSolution
		HideSolutionNode = FALSE
	EndGlobalSection
	GlobalSection(ExtensibilityGlobals) = postSolution
		SolutionGuid = {9389BDED-33BF-471F-8AA9-190791F30617}
	EndGlobalSection
EndGlobal
